
Microsoft Visual Studio Solution File, Format Version 12.00
# Visual Studio Version 16
VisualStudioVersion = 16.0.33328.57
MinimumVisualStudioVersion = 10.0.40219.1
Project("{8BC9CEB8-8B4A-11D0-8D11-00A0C91BC942}") = "Hard_11", "Hard_11\Hard_11.vcxproj", "{95A9DCA6-0FC0-4080-A7A2-340BA1227AB6}"
EndProject
Global
	GlobalSection(SolutionConfigurationPlatforms) = preSolution
		Debug|x64 = Debug|x64
		Debug|x86 = Debug|x86
		Release|x64 = Release|x64
		Release|x86 = Release|x86
	EndGlobalSection
	GlobalSection(ProjectConfigurationPlatforms) = postSolution
		{95A9DCA6-0FC0-4080-A7A2-340BA1227AB6}.Debug|x64.ActiveCfg = Debug|x64
		{95A9DCA6-0FC0-4080-A7A2-340BA1227AB6}.Debug|x64.Build.0 = Debug|x64
		{95A9DCA6-0FC0-4080-A7A2-340BA1227AB6}.Debug|x86.ActiveCfg = Debug|Win32
		{95A9DCA6-0FC0-4080-A7A2-340BA1227AB6}.Debug|x86.Build.0 = Debug|Win32
		{95A9DCA6-0FC0-4080-A7A2-340BA1227AB6}.Release|x64.ActiveCfg = Release|x64
		{95A9DCA6-0FC0-4080-A7A2-340BA1227AB6}.Release|x64.Build.0 = Release|x64
		{95A9DCA6-0FC0-4080-A7A2-340BA1227AB6}.Release|x86.ActiveCfg = Release|Win32
		{95A9DCA6-0FC0-4080-A7A2-340BA1227AB6}.Release|x86.Build.0 = Release|Win32
	EndGlobalSection
	GlobalSection(SolutionProperties) = preSolution
		HideSolutionNode = FALSE
	EndGlobalSection
	GlobalSection(ExtensibilityGlobals) = postSolution
		SolutionGuid = {84EE4383-30AE-4753-B867-423FADF73D10}
	EndGlobalSection
EndGlobal
